
Microsoft Visual Studio Solution File, Format Version 12.00
# Visual Studio Version 16
VisualStudioVersion = 16.0.31205.134
MinimumVisualStudioVersion = 10.0.40219.1
Project("{8BC9CEB8-8B4A-11D0-8D11-00A0C91BC942}") = "ReadnWrite2File", "ReadnWrite2File.vcxproj", "{0534C520-AC79-4598-87DE-4A01AEB74380}"
EndProject
Global
	GlobalSection(SolutionConfigurationPlatforms) = preSolution
		Debug|x64 = Debug|x64
		Debug|x86 = Debug|x86
		Release|x64 = Release|x64
		Release|x86 = Release|x86
	EndGlobalSection
	GlobalSection(ProjectConfigurationPlatforms) = postSolution
		{0534C520-AC79-4598-87DE-4A01AEB74380}.Debug|x64.ActiveCfg = Debug|x64
		{0534C520-AC79-4598-87DE-4A01AEB74380}.Debug|x64.Build.0 = Debug|x64
		{0534C520-AC79-4598-87DE-4A01AEB74380}.Debug|x86.ActiveCfg = Debug|Win32
		{0534C520-AC79-4598-87DE-4A01AEB74380}.Debug|x86.Build.0 = Debug|Win32
		{0534C520-AC79-4598-87DE-4A01AEB74380}.Release|x64.ActiveCfg = Release|x64
		{0534C520-AC79-4598-87DE-4A01AEB74380}.Release|x64.Build.0 = Release|x64
		{0534C520-AC79-4598-87DE-4A01AEB74380}.Release|x86.ActiveCfg = Release|Win32
		{0534C520-AC79-4598-87DE-4A01AEB74380}.Release|x86.Build.0 = Release|Win32
	EndGlobalSection
	GlobalSection(SolutionProperties) = preSolution
		HideSolutionNode = FALSE
	EndGlobalSection
	GlobalSection(ExtensibilityGlobals) = postSolution
		SolutionGuid = {F6DC1975-26E2-49B2-A43B-CD0BAC3AD729}
	EndGlobalSection
EndGlobal
